
Microsoft Visual Studio Solution File, Format Version 12.00
# Visual Studio 14
VisualStudioVersion = 14.0.23107.0
MinimumVisualStudioVersion = 10.0.40219.1
Project("{2150E333-8FDC-42A3-9474-1A3956D46DE8}") = "src", "src", "{21EB88E6-CE1D-4D97-AEFF-25B9C24343F1}"
EndProject
Project("{2150E333-8FDC-42A3-9474-1A3956D46DE8}") = "examples", "examples", "{2D499B38-2D6F-4558-80B6-E1EBE2093741}"
EndProject
Project("{2150E333-8FDC-42A3-9474-1A3956D46DE8}") = "Scrum", "Scrum", "{0D446CAD-AE2E-44F2-A8CE-DFE3E0E3874A}"
EndProject
Project("{FAE04EC0-301F-11D3-BF4B-00C04F79EFBC}") = "Scrum.Model", "Examples\Scrum\Model\Scrum.Model.csproj", "{41112375-6520-4B62-8E81-1673D253B7B2}"
EndProject
Project("{FAE04EC0-301F-11D3-BF4B-00C04F79EFBC}") = "Scrum.Dal", "Examples\Scrum\Dal\Scrum.Dal.csproj", "{D9F5B1C1-7A45-4391-BAC9-00A7F9B17822}"
EndProject
Project("{FAE04EC0-301F-11D3-BF4B-00C04F79EFBC}") = "Scrum.WcfDataService", "Examples\Scrum\WcfDataService\Scrum.WcfDataService.csproj", "{7C1F9F0C-1736-4E45-8519-7CDE8FD8CF1B}"
EndProject
Project("{2150E333-8FDC-42A3-9474-1A3956D46DE8}") = "Simple", "Simple", "{F5B493A5-7610-4537-851F-768CBD2C9287}"
EndProject
Project("{FAE04EC0-301F-11D3-BF4B-00C04F79EFBC}") = "Simple.Model", "Examples\Simple\Model\Simple.Model.csproj", "{0946CF36-3C2A-495D-AA6B-5C8C5AF5521E}"
EndProject
Project("{FAE04EC0-301F-11D3-BF4B-00C04F79EFBC}") = "Simple.Web", "Examples\Simple\Web\Simple.Web.csproj", "{0D2C23B0-E76F-4E21-818C-5ED97580FB8F}"
EndProject
Project("{FAE04EC0-301F-11D3-BF4B-00C04F79EFBC}") = "Scrum.WebApi", "Examples\Scrum\WebApi\Scrum.WebApi.csproj", "{14210187-9E28-4088-A8B8-10263313B901}"
EndProject
Project("{FAE04EC0-301F-11D3-BF4B-00C04F79EFBC}") = "Base.EntityRepository.Api", "src\Api\Base.EntityRepository.Api.csproj", "{EBFB91EC-9ACE-4268-AA11-763BE24B0373}"
EndProject
Project("{FAE04EC0-301F-11D3-BF4B-00C04F79EFBC}") = "Base.EntityRepository.ODataClient", "src\ODataClient\Base.EntityRepository.ODataClient.csproj", "{81406CCC-0242-4009-8BE5-96E7A80F6922}"
EndProject
Project("{2150E333-8FDC-42A3-9474-1A3956D46DE8}") = "test", "test", "{25E526C6-D10F-46D0-8E55-7E8AC092EA2B}"
EndProject
Project("{2150E333-8FDC-42A3-9474-1A3956D46DE8}") = "Simple", "Simple", "{6503316A-BBE3-41F3-AC31-38F9CAE83C9A}"
EndProject
Project("{2150E333-8FDC-42A3-9474-1A3956D46DE8}") = "Scrum", "Scrum", "{601F2E96-B530-4719-8354-E81724BC1D52}"
EndProject
Project("{FAE04EC0-301F-11D3-BF4B-00C04F79EFBC}") = "Scrum.Dal.IntegrationTests", "test\Scrum\Dal.IntegrationTests\Scrum.Dal.IntegrationTests.csproj", "{96021276-57EE-40DB-B304-FC064D09C9F3}"
EndProject
Project("{FAE04EC0-301F-11D3-BF4B-00C04F79EFBC}") = "Scrum.Web.IntegrationTests", "test\Scrum\Web.IntegrationTests\Scrum.Web.IntegrationTests.csproj", "{A042ED2C-44D1-41BB-B688-FE1F668FE0BF}"
EndProject
Project("{FAE04EC0-301F-11D3-BF4B-00C04F79EFBC}") = "Simple.IntegrationTests", "test\Simple\IntegrationTests\Simple.IntegrationTests.csproj", "{918CDC3D-CFDB-4ECC-A621-1D96CFEEAFE5}"
EndProject
Global
	GlobalSection(SolutionConfigurationPlatforms) = preSolution
		Debug|Any CPU = Debug|Any CPU
		Release|Any CPU = Release|Any CPU
	EndGlobalSection
	GlobalSection(ProjectConfigurationPlatforms) = postSolution
		{41112375-6520-4B62-8E81-1673D253B7B2}.Debug|Any CPU.ActiveCfg = Debug|Any CPU
		{41112375-6520-4B62-8E81-1673D253B7B2}.Debug|Any CPU.Build.0 = Debug|Any CPU
		{41112375-6520-4B62-8E81-1673D253B7B2}.Release|Any CPU.ActiveCfg = Release|Any CPU
		{41112375-6520-4B62-8E81-1673D253B7B2}.Release|Any CPU.Build.0 = Release|Any CPU
		{D9F5B1C1-7A45-4391-BAC9-00A7F9B17822}.Debug|Any CPU.ActiveCfg = Debug|Any CPU
		{D9F5B1C1-7A45-4391-BAC9-00A7F9B17822}.Debug|Any CPU.Build.0 = Debug|Any CPU
		{D9F5B1C1-7A45-4391-BAC9-00A7F9B17822}.Release|Any CPU.ActiveCfg = Release|Any CPU
		{D9F5B1C1-7A45-4391-BAC9-00A7F9B17822}.Release|Any CPU.Build.0 = Release|Any CPU
		{7C1F9F0C-1736-4E45-8519-7CDE8FD8CF1B}.Debug|Any CPU.ActiveCfg = Debug|Any CPU
		{7C1F9F0C-1736-4E45-8519-7CDE8FD8CF1B}.Debug|Any CPU.Build.0 = Debug|Any CPU
		{7C1F9F0C-1736-4E45-8519-7CDE8FD8CF1B}.Release|Any CPU.ActiveCfg = Release|Any CPU
		{7C1F9F0C-1736-4E45-8519-7CDE8FD8CF1B}.Release|Any CPU.Build.0 = Release|Any CPU
		{0946CF36-3C2A-495D-AA6B-5C8C5AF5521E}.Debug|Any CPU.ActiveCfg = Debug|Any CPU
		{0946CF36-3C2A-495D-AA6B-5C8C5AF5521E}.Debug|Any CPU.Build.0 = Debug|Any CPU
		{0946CF36-3C2A-495D-AA6B-5C8C5AF5521E}.Release|Any CPU.ActiveCfg = Release|Any CPU
		{0946CF36-3C2A-495D-AA6B-5C8C5AF5521E}.Release|Any CPU.Build.0 = Release|Any CPU
		{0D2C23B0-E76F-4E21-818C-5ED97580FB8F}.Debug|Any CPU.ActiveCfg = Debug|Any CPU
		{0D2C23B0-E76F-4E21-818C-5ED97580FB8F}.Debug|Any CPU.Build.0 = Debug|Any CPU
		{0D2C23B0-E76F-4E21-818C-5ED97580FB8F}.Release|Any CPU.ActiveCfg = Release|Any CPU
		{0D2C23B0-E76F-4E21-818C-5ED97580FB8F}.Release|Any CPU.Build.0 = Release|Any CPU
		{14210187-9E28-4088-A8B8-10263313B901}.Debug|Any CPU.ActiveCfg = Debug|Any CPU
		{14210187-9E28-4088-A8B8-10263313B901}.Debug|Any CPU.Build.0 = Debug|Any CPU
		{14210187-9E28-4088-A8B8-10263313B901}.Release|Any CPU.ActiveCfg = Release|Any CPU
		{14210187-9E28-4088-A8B8-10263313B901}.Release|Any CPU.Build.0 = Release|Any CPU
		{EBFB91EC-9ACE-4268-AA11-763BE24B0373}.Debug|Any CPU.ActiveCfg = Debug|Any CPU
		{EBFB91EC-9ACE-4268-AA11-763BE24B0373}.Debug|Any CPU.Build.0 = Debug|Any CPU
		{EBFB91EC-9ACE-4268-AA11-763BE24B0373}.Release|Any CPU.ActiveCfg = Release|Any CPU
		{EBFB91EC-9ACE-4268-AA11-763BE24B0373}.Release|Any CPU.Build.0 = Release|Any CPU
		{81406CCC-0242-4009-8BE5-96E7A80F6922}.Debug|Any CPU.ActiveCfg = Debug|Any CPU
		{81406CCC-0242-4009-8BE5-96E7A80F6922}.Debug|Any CPU.Build.0 = Debug|Any CPU
		{81406CCC-0242-4009-8BE5-96E7A80F6922}.Release|Any CPU.ActiveCfg = Release|Any CPU
		{81406CCC-0242-4009-8BE5-96E7A80F6922}.Release|Any CPU.Build.0 = Release|Any CPU
		{96021276-57EE-40DB-B304-FC064D09C9F3}.Debug|Any CPU.ActiveCfg = Debug|Any CPU
		{96021276-57EE-40DB-B304-FC064D09C9F3}.Debug|Any CPU.Build.0 = Debug|Any CPU
		{96021276-57EE-40DB-B304-FC064D09C9F3}.Release|Any CPU.ActiveCfg = Release|Any CPU
		{96021276-57EE-40DB-B304-FC064D09C9F3}.Release|Any CPU.Build.0 = Release|Any CPU
		{A042ED2C-44D1-41BB-B688-FE1F668FE0BF}.Debug|Any CPU.ActiveCfg = Debug|Any CPU
		{A042ED2C-44D1-41BB-B688-FE1F668FE0BF}.Debug|Any CPU.Build.0 = Debug|Any CPU
		{A042ED2C-44D1-41BB-B688-FE1F668FE0BF}.Release|Any CPU.ActiveCfg = Release|Any CPU
		{A042ED2C-44D1-41BB-B688-FE1F668FE0BF}.Release|Any CPU.Build.0 = Release|Any CPU
		{918CDC3D-CFDB-4ECC-A621-1D96CFEEAFE5}.Debug|Any CPU.ActiveCfg = Debug|Any CPU
		{918CDC3D-CFDB-4ECC-A621-1D96CFEEAFE5}.Debug|Any CPU.Build.0 = Debug|Any CPU
		{918CDC3D-CFDB-4ECC-A621-1D96CFEEAFE5}.Release|Any CPU.ActiveCfg = Release|Any CPU
		{918CDC3D-CFDB-4ECC-A621-1D96CFEEAFE5}.Release|Any CPU.Build.0 = Release|Any CPU
	EndGlobalSection
	GlobalSection(SolutionProperties) = preSolution
		HideSolutionNode = FALSE
	EndGlobalSection
	GlobalSection(NestedProjects) = preSolution
		{0D446CAD-AE2E-44F2-A8CE-DFE3E0E3874A} = {2D499B38-2D6F-4558-80B6-E1EBE2093741}
		{41112375-6520-4B62-8E81-1673D253B7B2} = {0D446CAD-AE2E-44F2-A8CE-DFE3E0E3874A}
		{D9F5B1C1-7A45-4391-BAC9-00A7F9B17822} = {0D446CAD-AE2E-44F2-A8CE-DFE3E0E3874A}
		{7C1F9F0C-1736-4E45-8519-7CDE8FD8CF1B} = {0D446CAD-AE2E-44F2-A8CE-DFE3E0E3874A}
		{F5B493A5-7610-4537-851F-768CBD2C9287} = {2D499B38-2D6F-4558-80B6-E1EBE2093741}
		{0946CF36-3C2A-495D-AA6B-5C8C5AF5521E} = {F5B493A5-7610-4537-851F-768CBD2C9287}
		{0D2C23B0-E76F-4E21-818C-5ED97580FB8F} = {F5B493A5-7610-4537-851F-768CBD2C9287}
		{14210187-9E28-4088-A8B8-10263313B901} = {0D446CAD-AE2E-44F2-A8CE-DFE3E0E3874A}
		{EBFB91EC-9ACE-4268-AA11-763BE24B0373} = {21EB88E6-CE1D-4D97-AEFF-25B9C24343F1}
		{81406CCC-0242-4009-8BE5-96E7A80F6922} = {21EB88E6-CE1D-4D97-AEFF-25B9C24343F1}
		{6503316A-BBE3-41F3-AC31-38F9CAE83C9A} = {25E526C6-D10F-46D0-8E55-7E8AC092EA2B}
		{601F2E96-B530-4719-8354-E81724BC1D52} = {25E526C6-D10F-46D0-8E55-7E8AC092EA2B}
		{96021276-57EE-40DB-B304-FC064D09C9F3} = {601F2E96-B530-4719-8354-E81724BC1D52}
		{A042ED2C-44D1-41BB-B688-FE1F668FE0BF} = {601F2E96-B530-4719-8354-E81724BC1D52}
		{918CDC3D-CFDB-4ECC-A621-1D96CFEEAFE5} = {6503316A-BBE3-41F3-AC31-38F9CAE83C9A}
	EndGlobalSection
EndGlobal
