
Microsoft Visual Studio Solution File, Format Version 12.00
# Visual Studio 2013
VisualStudioVersion = 12.0.40629.0
MinimumVisualStudioVersion = 10.0.40219.1
Project("{2150E333-8FDC-42A3-9474-1A3956D46DE8}") = "src", "src", "{21EB88E6-CE1D-4D97-AEFF-25B9C24343F1}"
EndProject
Project("{FAE04EC0-301F-11D3-BF4B-00C04F79EFBC}") = "Base.EntityRepository.Api", "src\Api\Base.EntityRepository.Api.csproj", "{EBFB91EC-9ACE-4268-AA11-763BE24B0373}"
EndProject
Project("{FAE04EC0-301F-11D3-BF4B-00C04F79EFBC}") = "Base.EntityRepository.ODataClient", "src\ODataClient\Base.EntityRepository.ODataClient.csproj", "{81406CCC-0242-4009-8BE5-96E7A80F6922}"
EndProject
Project("{2150E333-8FDC-42A3-9474-1A3956D46DE8}") = "test", "test", "{25E526C6-D10F-46D0-8E55-7E8AC092EA2B}"
EndProject
Global
	GlobalSection(SolutionConfigurationPlatforms) = preSolution
		Debug|Any CPU = Debug|Any CPU
		Release|Any CPU = Release|Any CPU
	EndGlobalSection
	GlobalSection(ProjectConfigurationPlatforms) = postSolution
		{EBFB91EC-9ACE-4268-AA11-763BE24B0373}.Debug|Any CPU.ActiveCfg = Debug|Any CPU
		{EBFB91EC-9ACE-4268-AA11-763BE24B0373}.Debug|Any CPU.Build.0 = Debug|Any CPU
		{EBFB91EC-9ACE-4268-AA11-763BE24B0373}.Release|Any CPU.ActiveCfg = Release|Any CPU
		{EBFB91EC-9ACE-4268-AA11-763BE24B0373}.Release|Any CPU.Build.0 = Release|Any CPU
		{81406CCC-0242-4009-8BE5-96E7A80F6922}.Debug|Any CPU.ActiveCfg = Debug|Any CPU
		{81406CCC-0242-4009-8BE5-96E7A80F6922}.Debug|Any CPU.Build.0 = Debug|Any CPU
		{81406CCC-0242-4009-8BE5-96E7A80F6922}.Release|Any CPU.ActiveCfg = Release|Any CPU
		{81406CCC-0242-4009-8BE5-96E7A80F6922}.Release|Any CPU.Build.0 = Release|Any CPU
	EndGlobalSection
	GlobalSection(SolutionProperties) = preSolution
		HideSolutionNode = FALSE
	EndGlobalSection
	GlobalSection(NestedProjects) = preSolution
		{EBFB91EC-9ACE-4268-AA11-763BE24B0373} = {21EB88E6-CE1D-4D97-AEFF-25B9C24343F1}
		{81406CCC-0242-4009-8BE5-96E7A80F6922} = {21EB88E6-CE1D-4D97-AEFF-25B9C24343F1}
	EndGlobalSection
EndGlobal
