
Microsoft Visual Studio Solution File, Format Version 12.00
# Visual Studio 2012
Project("{FAE04EC0-301F-11D3-BF4B-00C04F79EFBC}") = "Base.EntityRepository.Api", "Api\Base.EntityRepository.Api.csproj", "{EBFB91EC-9ACE-4268-AA11-763BE24B0373}"
EndProject
Project("{FAE04EC0-301F-11D3-BF4B-00C04F79EFBC}") = "Base.EntityRepository.Api.Silverlight", "Api\Base.EntityRepository.Api.Silverlight.csproj", "{DE12F88C-E14A-4550-8C18-5805E50D6733}"
EndProject
Project("{FAE04EC0-301F-11D3-BF4B-00C04F79EFBC}") = "Base.EntityRepository.ODataClient.Silverlight", "ODataClient\Base.EntityRepository.ODataClient.Silverlight.csproj", "{2AF98171-66C7-4F4F-B6CF-9E61A88015D6}"
EndProject
Project("{2150E333-8FDC-42A3-9474-1A3956D46DE8}") = "src", "src", "{21EB88E6-CE1D-4D97-AEFF-25B9C24343F1}"
EndProject
Project("{2150E333-8FDC-42A3-9474-1A3956D46DE8}") = "test", "test", "{2D499B38-2D6F-4558-80B6-E1EBE2093741}"
EndProject
Project("{2150E333-8FDC-42A3-9474-1A3956D46DE8}") = "Scrum", "Scrum", "{0D446CAD-AE2E-44F2-A8CE-DFE3E0E3874A}"
EndProject
Project("{FAE04EC0-301F-11D3-BF4B-00C04F79EFBC}") = "Scrum.Model", "Examples\Scrum\Model\Scrum.Model.csproj", "{41112375-6520-4B62-8E81-1673D253B7B2}"
EndProject
Project("{FAE04EC0-301F-11D3-BF4B-00C04F79EFBC}") = "Scrum.Model.Silverlight", "Examples\Scrum\Model\Scrum.Model.Silverlight.csproj", "{D0AAB1E6-FC73-498D-A04A-D0878CBA4461}"
EndProject
Project("{FAE04EC0-301F-11D3-BF4B-00C04F79EFBC}") = "Scrum.Dal", "Examples\Scrum\Dal\Scrum.Dal.csproj", "{D9F5B1C1-7A45-4391-BAC9-00A7F9B17822}"
EndProject
Project("{FAE04EC0-301F-11D3-BF4B-00C04F79EFBC}") = "Scrum.Dal.IntegrationTests", "Examples\Scrum\Dal.IntegrationTests\Scrum.Dal.IntegrationTests.csproj", "{96021276-57EE-40DB-B304-FC064D09C9F3}"
EndProject
Project("{FAE04EC0-301F-11D3-BF4B-00C04F79EFBC}") = "Scrum.Web", "Examples\Scrum\Web\Scrum.Web.csproj", "{7C1F9F0C-1736-4E45-8519-7CDE8FD8CF1B}"
EndProject
Project("{FAE04EC0-301F-11D3-BF4B-00C04F79EFBC}") = "Base.EntityRepository.ODataClient", "ODataClient\Base.EntityRepository.ODataClient.csproj", "{81406CCC-0242-4009-8BE5-96E7A80F6922}"
EndProject
Project("{FAE04EC0-301F-11D3-BF4B-00C04F79EFBC}") = "Scrum.Web.IntegrationTests", "Examples\Scrum\Web.IntegrationTests\Scrum.Web.IntegrationTests.csproj", "{A677C165-825A-42C6-A145-D884C8D08A75}"
EndProject
Project("{FAE04EC0-301F-11D3-BF4B-00C04F79EFBC}") = "Scrum.Silverlight", "Examples\Scrum\Silverlight\Scrum.Silverlight.csproj", "{03458384-6E78-42F5-B208-7329C3B7E67D}"
EndProject
Project("{2150E333-8FDC-42A3-9474-1A3956D46DE8}") = "Simple", "Simple", "{F5B493A5-7610-4537-851F-768CBD2C9287}"
EndProject
Project("{FAE04EC0-301F-11D3-BF4B-00C04F79EFBC}") = "Simple.Model", "Examples\Simple\Model\Simple.Model.csproj", "{0946CF36-3C2A-495D-AA6B-5C8C5AF5521E}"
EndProject
Project("{FAE04EC0-301F-11D3-BF4B-00C04F79EFBC}") = "Simple.Web", "Examples\Simple\Web\Simple.Web.csproj", "{0D2C23B0-E76F-4E21-818C-5ED97580FB8F}"
EndProject
Project("{FAE04EC0-301F-11D3-BF4B-00C04F79EFBC}") = "Simple.IntegrationTests", "Examples\Simple\IntegrationTests\Simple.IntegrationTests.csproj", "{918CDC3D-CFDB-4ECC-A621-1D96CFEEAFE5}"
EndProject
Project("{FAE04EC0-301F-11D3-BF4B-00C04F79EFBC}") = "Scrum.WebApi", "Examples\Scrum\WebApi\Scrum.WebApi.csproj", "{14210187-9E28-4088-A8B8-10263313B901}"
EndProject
Global
	GlobalSection(SolutionConfigurationPlatforms) = preSolution
		Debug|Any CPU = Debug|Any CPU
		Release|Any CPU = Release|Any CPU
	EndGlobalSection
	GlobalSection(ProjectConfigurationPlatforms) = postSolution
		{EBFB91EC-9ACE-4268-AA11-763BE24B0373}.Debug|Any CPU.ActiveCfg = Debug|Any CPU
		{EBFB91EC-9ACE-4268-AA11-763BE24B0373}.Debug|Any CPU.Build.0 = Debug|Any CPU
		{EBFB91EC-9ACE-4268-AA11-763BE24B0373}.Release|Any CPU.ActiveCfg = Release|Any CPU
		{EBFB91EC-9ACE-4268-AA11-763BE24B0373}.Release|Any CPU.Build.0 = Release|Any CPU
		{DE12F88C-E14A-4550-8C18-5805E50D6733}.Debug|Any CPU.ActiveCfg = Debug|Any CPU
		{DE12F88C-E14A-4550-8C18-5805E50D6733}.Debug|Any CPU.Build.0 = Debug|Any CPU
		{DE12F88C-E14A-4550-8C18-5805E50D6733}.Release|Any CPU.ActiveCfg = Release|Any CPU
		{DE12F88C-E14A-4550-8C18-5805E50D6733}.Release|Any CPU.Build.0 = Release|Any CPU
		{2AF98171-66C7-4F4F-B6CF-9E61A88015D6}.Debug|Any CPU.ActiveCfg = Debug|Any CPU
		{2AF98171-66C7-4F4F-B6CF-9E61A88015D6}.Debug|Any CPU.Build.0 = Debug|Any CPU
		{2AF98171-66C7-4F4F-B6CF-9E61A88015D6}.Release|Any CPU.ActiveCfg = Release|Any CPU
		{2AF98171-66C7-4F4F-B6CF-9E61A88015D6}.Release|Any CPU.Build.0 = Release|Any CPU
		{41112375-6520-4B62-8E81-1673D253B7B2}.Debug|Any CPU.ActiveCfg = Debug|Any CPU
		{41112375-6520-4B62-8E81-1673D253B7B2}.Debug|Any CPU.Build.0 = Debug|Any CPU
		{41112375-6520-4B62-8E81-1673D253B7B2}.Release|Any CPU.ActiveCfg = Release|Any CPU
		{41112375-6520-4B62-8E81-1673D253B7B2}.Release|Any CPU.Build.0 = Release|Any CPU
		{D0AAB1E6-FC73-498D-A04A-D0878CBA4461}.Debug|Any CPU.ActiveCfg = Debug|Any CPU
		{D0AAB1E6-FC73-498D-A04A-D0878CBA4461}.Debug|Any CPU.Build.0 = Debug|Any CPU
		{D0AAB1E6-FC73-498D-A04A-D0878CBA4461}.Release|Any CPU.ActiveCfg = Release|Any CPU
		{D0AAB1E6-FC73-498D-A04A-D0878CBA4461}.Release|Any CPU.Build.0 = Release|Any CPU
		{D9F5B1C1-7A45-4391-BAC9-00A7F9B17822}.Debug|Any CPU.ActiveCfg = Debug|Any CPU
		{D9F5B1C1-7A45-4391-BAC9-00A7F9B17822}.Debug|Any CPU.Build.0 = Debug|Any CPU
		{D9F5B1C1-7A45-4391-BAC9-00A7F9B17822}.Release|Any CPU.ActiveCfg = Release|Any CPU
		{D9F5B1C1-7A45-4391-BAC9-00A7F9B17822}.Release|Any CPU.Build.0 = Release|Any CPU
		{96021276-57EE-40DB-B304-FC064D09C9F3}.Debug|Any CPU.ActiveCfg = Debug|Any CPU
		{96021276-57EE-40DB-B304-FC064D09C9F3}.Debug|Any CPU.Build.0 = Debug|Any CPU
		{96021276-57EE-40DB-B304-FC064D09C9F3}.Release|Any CPU.ActiveCfg = Release|Any CPU
		{96021276-57EE-40DB-B304-FC064D09C9F3}.Release|Any CPU.Build.0 = Release|Any CPU
		{7C1F9F0C-1736-4E45-8519-7CDE8FD8CF1B}.Debug|Any CPU.ActiveCfg = Debug|Any CPU
		{7C1F9F0C-1736-4E45-8519-7CDE8FD8CF1B}.Debug|Any CPU.Build.0 = Debug|Any CPU
		{7C1F9F0C-1736-4E45-8519-7CDE8FD8CF1B}.Release|Any CPU.ActiveCfg = Release|Any CPU
		{7C1F9F0C-1736-4E45-8519-7CDE8FD8CF1B}.Release|Any CPU.Build.0 = Release|Any CPU
		{81406CCC-0242-4009-8BE5-96E7A80F6922}.Debug|Any CPU.ActiveCfg = Debug|Any CPU
		{81406CCC-0242-4009-8BE5-96E7A80F6922}.Debug|Any CPU.Build.0 = Debug|Any CPU
		{81406CCC-0242-4009-8BE5-96E7A80F6922}.Release|Any CPU.ActiveCfg = Release|Any CPU
		{81406CCC-0242-4009-8BE5-96E7A80F6922}.Release|Any CPU.Build.0 = Release|Any CPU
		{A677C165-825A-42C6-A145-D884C8D08A75}.Debug|Any CPU.ActiveCfg = Debug|Any CPU
		{A677C165-825A-42C6-A145-D884C8D08A75}.Debug|Any CPU.Build.0 = Debug|Any CPU
		{A677C165-825A-42C6-A145-D884C8D08A75}.Release|Any CPU.ActiveCfg = Release|Any CPU
		{A677C165-825A-42C6-A145-D884C8D08A75}.Release|Any CPU.Build.0 = Release|Any CPU
		{03458384-6E78-42F5-B208-7329C3B7E67D}.Debug|Any CPU.ActiveCfg = Debug|Any CPU
		{03458384-6E78-42F5-B208-7329C3B7E67D}.Debug|Any CPU.Build.0 = Debug|Any CPU
		{03458384-6E78-42F5-B208-7329C3B7E67D}.Release|Any CPU.ActiveCfg = Release|Any CPU
		{03458384-6E78-42F5-B208-7329C3B7E67D}.Release|Any CPU.Build.0 = Release|Any CPU
		{0946CF36-3C2A-495D-AA6B-5C8C5AF5521E}.Debug|Any CPU.ActiveCfg = Debug|Any CPU
		{0946CF36-3C2A-495D-AA6B-5C8C5AF5521E}.Debug|Any CPU.Build.0 = Debug|Any CPU
		{0946CF36-3C2A-495D-AA6B-5C8C5AF5521E}.Release|Any CPU.ActiveCfg = Release|Any CPU
		{0946CF36-3C2A-495D-AA6B-5C8C5AF5521E}.Release|Any CPU.Build.0 = Release|Any CPU
		{0D2C23B0-E76F-4E21-818C-5ED97580FB8F}.Debug|Any CPU.ActiveCfg = Debug|Any CPU
		{0D2C23B0-E76F-4E21-818C-5ED97580FB8F}.Debug|Any CPU.Build.0 = Debug|Any CPU
		{0D2C23B0-E76F-4E21-818C-5ED97580FB8F}.Release|Any CPU.ActiveCfg = Release|Any CPU
		{0D2C23B0-E76F-4E21-818C-5ED97580FB8F}.Release|Any CPU.Build.0 = Release|Any CPU
		{918CDC3D-CFDB-4ECC-A621-1D96CFEEAFE5}.Debug|Any CPU.ActiveCfg = Debug|Any CPU
		{918CDC3D-CFDB-4ECC-A621-1D96CFEEAFE5}.Debug|Any CPU.Build.0 = Debug|Any CPU
		{918CDC3D-CFDB-4ECC-A621-1D96CFEEAFE5}.Release|Any CPU.ActiveCfg = Release|Any CPU
		{918CDC3D-CFDB-4ECC-A621-1D96CFEEAFE5}.Release|Any CPU.Build.0 = Release|Any CPU
		{14210187-9E28-4088-A8B8-10263313B901}.Debug|Any CPU.ActiveCfg = Debug|Any CPU
		{14210187-9E28-4088-A8B8-10263313B901}.Debug|Any CPU.Build.0 = Debug|Any CPU
		{14210187-9E28-4088-A8B8-10263313B901}.Release|Any CPU.ActiveCfg = Release|Any CPU
		{14210187-9E28-4088-A8B8-10263313B901}.Release|Any CPU.Build.0 = Release|Any CPU
	EndGlobalSection
	GlobalSection(SolutionProperties) = preSolution
		HideSolutionNode = FALSE
	EndGlobalSection
	GlobalSection(NestedProjects) = preSolution
		{DE12F88C-E14A-4550-8C18-5805E50D6733} = {21EB88E6-CE1D-4D97-AEFF-25B9C24343F1}
		{2AF98171-66C7-4F4F-B6CF-9E61A88015D6} = {21EB88E6-CE1D-4D97-AEFF-25B9C24343F1}
		{EBFB91EC-9ACE-4268-AA11-763BE24B0373} = {21EB88E6-CE1D-4D97-AEFF-25B9C24343F1}
		{81406CCC-0242-4009-8BE5-96E7A80F6922} = {21EB88E6-CE1D-4D97-AEFF-25B9C24343F1}
		{0D446CAD-AE2E-44F2-A8CE-DFE3E0E3874A} = {2D499B38-2D6F-4558-80B6-E1EBE2093741}
		{F5B493A5-7610-4537-851F-768CBD2C9287} = {2D499B38-2D6F-4558-80B6-E1EBE2093741}
		{41112375-6520-4B62-8E81-1673D253B7B2} = {0D446CAD-AE2E-44F2-A8CE-DFE3E0E3874A}
		{D0AAB1E6-FC73-498D-A04A-D0878CBA4461} = {0D446CAD-AE2E-44F2-A8CE-DFE3E0E3874A}
		{D9F5B1C1-7A45-4391-BAC9-00A7F9B17822} = {0D446CAD-AE2E-44F2-A8CE-DFE3E0E3874A}
		{96021276-57EE-40DB-B304-FC064D09C9F3} = {0D446CAD-AE2E-44F2-A8CE-DFE3E0E3874A}
		{7C1F9F0C-1736-4E45-8519-7CDE8FD8CF1B} = {0D446CAD-AE2E-44F2-A8CE-DFE3E0E3874A}
		{A677C165-825A-42C6-A145-D884C8D08A75} = {0D446CAD-AE2E-44F2-A8CE-DFE3E0E3874A}
		{03458384-6E78-42F5-B208-7329C3B7E67D} = {0D446CAD-AE2E-44F2-A8CE-DFE3E0E3874A}
		{14210187-9E28-4088-A8B8-10263313B901} = {0D446CAD-AE2E-44F2-A8CE-DFE3E0E3874A}
		{0946CF36-3C2A-495D-AA6B-5C8C5AF5521E} = {F5B493A5-7610-4537-851F-768CBD2C9287}
		{0D2C23B0-E76F-4E21-818C-5ED97580FB8F} = {F5B493A5-7610-4537-851F-768CBD2C9287}
		{918CDC3D-CFDB-4ECC-A621-1D96CFEEAFE5} = {F5B493A5-7610-4537-851F-768CBD2C9287}
	EndGlobalSection
EndGlobal
